
Microsoft Visual Studio Solution File, Format Version 12.00
# Visual Studio Version 16
VisualStudioVersion = 16.0.29102.190
MinimumVisualStudioVersion = 10.0.40219.1
Project("{FAE04EC0-301F-11D3-BF4B-00C04F79EFBC}") = "Avocada", "Avocada\Avocada.csproj", "{5EE1D0BB-CBB0-4BE6-BF5A-1C9B14C224A5}"
EndProject
Global
	GlobalSection(SolutionConfigurationPlatforms) = preSolution
		Debug|Any CPU = Debug|Any CPU
		Release|Any CPU = Release|Any CPU
	EndGlobalSection
	GlobalSection(ProjectConfigurationPlatforms) = postSolution
		{5EE1D0BB-CBB0-4BE6-BF5A-1C9B14C224A5}.Debug|Any CPU.ActiveCfg = Debug|Any CPU
		{5EE1D0BB-CBB0-4BE6-BF5A-1C9B14C224A5}.Debug|Any CPU.Build.0 = Debug|Any CPU
		{5EE1D0BB-CBB0-4BE6-BF5A-1C9B14C224A5}.Release|Any CPU.ActiveCfg = Release|Any CPU
		{5EE1D0BB-CBB0-4BE6-BF5A-1C9B14C224A5}.Release|Any CPU.Build.0 = Release|Any CPU
	EndGlobalSection
	GlobalSection(SolutionProperties) = preSolution
		HideSolutionNode = FALSE
	EndGlobalSection
	GlobalSection(ExtensibilityGlobals) = postSolution
		SolutionGuid = {B5527F6B-1E74-4959-A84D-9F7041983A4A}
	EndGlobalSection
EndGlobal
